{
  "version": "3",
  "packages": {
    "specifiers": {
      "jsr:@std/assert@1": "jsr:@std/assert@1.0.3",
      "jsr:@std/bytes@^1.0.2": "jsr:@std/bytes@1.0.2",
      "jsr:@std/cli@^1.0.4": "jsr:@std/cli@1.0.4",
      "jsr:@std/csv": "jsr:@std/csv@1.0.2",
      "jsr:@std/csv@^1.0.2": "jsr:@std/csv@1.0.2",
      "jsr:@std/internal@^1.0.2": "jsr:@std/internal@1.0.2",
      "jsr:@std/streams@^1.0.3": "jsr:@std/streams@1.0.3"
    },
    "jsr": {
      "@std/assert@1.0.3": {
        "integrity": "b0d03ce1ced880df67132eea140623010d415848df66f6aa5df76507ca7c26d8",
        "dependencies": [
          "jsr:@std/internal@^1.0.2"
        ]
      },
      "@std/bytes@1.0.2": {
        "integrity": "fbdee322bbd8c599a6af186a1603b3355e59a5fb1baa139f8f4c3c9a1b3e3d57"
      },
      "@std/cli@1.0.4": {
        "integrity": "79ca75add572a99a8ba93ae37ccbd8d43fb4e2b635a8a7ebebb4f2d092048764"
      },
      "@std/csv@1.0.2": {
        "integrity": "357ad0042834a93da15e902857d767dee31ba0ca253e82068a5bc760ceb858d4",
        "dependencies": [
          "jsr:@std/streams@^1.0.3"
        ]
      },
      "@std/internal@1.0.2": {
        "integrity": "f4cabe2021352e8bfc24e6569700df87bf070914fc38d4b23eddd20108ac4495"
      },
      "@std/streams@1.0.3": {
        "integrity": "d62e645ab981cee2c3d03040eb03cf387fc6bceef6d4564f3ed485a43741a81f",
        "dependencies": [
          "jsr:@std/bytes@^1.0.2"
        ]
      }
    }
  },
  "remote": {},
  "workspace": {
    "dependencies": [
      "jsr:@std/assert@1",
      "jsr:@std/cli@^1.0.4",
      "jsr:@std/csv@^1.0.2"
    ]
  }
}
